{
    "_readme": [
        "This file locks the dependencies of your project to a known state",
        "Read more about it at https://getcomposer.org/doc/01-basic-usage.md#composer-lock-the-lock-file",
        "This file is @generated automatically"
    ],
    "hash": "a66f991a8f0c3d138e6fcc19863c9c08",
    "content-hash": "af05714234afd3c991bd31ecfb259f07",
    "packages": [
        {
            "name": "composer/installers",
            "version": "v1.0.22",
            "source": {
                "type": "git",
                "url": "https://github.com/composer/installers.git",
                "reference": "bd9b14f094c89c8b5804a4e41edeb7853bb85046"
            },
            "dist": {
                "type": "zip",
                "url": "https://api.github.com/repos/composer/installers/zipball/bd9b14f094c89c8b5804a4e41edeb7853bb85046",
                "reference": "bd9b14f094c89c8b5804a4e41edeb7853bb85046",
                "shasum": ""
            },
            "require": {
                "composer-plugin-api": "1.0.0"
            },
            "replace": {
                "roundcube/plugin-installer": "*",
                "shama/baton": "*"
            },
            "require-dev": {
                "composer/composer": "1.0.*@dev",
                "phpunit/phpunit": "4.1.*"
            },
            "type": "composer-plugin",
            "extra": {
                "class": "Composer\\Installers\\Plugin",
                "branch-alias": {
                    "dev-master": "1.0-dev"
                }
            },
            "autoload": {
                "psr-0": {
                    "Composer\\Installers\\": "src/"
                }
            },
            "notification-url": "https://packagist.org/downloads/",
            "license": [
                "MIT"
            ],
            "authors": [
                {
                    "name": "Kyle Robinson Young",
                    "email": "kyle@dontkry.com",
                    "homepage": "https://github.com/shama"
                }
            ],
            "description": "A multi-framework Composer library installer",
            "homepage": "http://composer.github.com/installers/",
            "keywords": [
                "Craft",
                "Dolibarr",
                "Hurad",
                "MODX Evo",
                "OXID",
                "SMF",
                "Thelia",
                "WolfCMS",
                "agl",
                "aimeos",
                "annotatecms",
                "bitrix",
                "cakephp",
                "chef",
                "codeigniter",
                "concrete5",
                "croogo",
                "dokuwiki",
                "drupal",
                "elgg",
                "fuelphp",
                "grav",
                "installer",
                "joomla",
                "kohana",
                "laravel",
                "lithium",
                "magento",
                "mako",
                "mediawiki",
                "modulework",
                "moodle",
                "phpbb",
                "piwik",
                "ppi",
                "puppet",
                "roundcube",
                "shopware",
                "silverstripe",
                "symfony",
                "typo3",
                "wordpress",
                "zend",
                "zikula"
            ],
            "time": "2015-10-29 23:28:48"
        },
        {
            "name": "johnpbloch/wordpress",
            "version": "4.4.1",
            "source": {
                "type": "git",
                "url": "https://github.com/johnpbloch/wordpress.git",
                "reference": "85d6a8c16c7e8bb369e7530d3676d16618f68e24"
            },
            "dist": {
                "type": "zip",
                "url": "https://api.github.com/repos/johnpbloch/wordpress/zipball/85d6a8c16c7e8bb369e7530d3676d16618f68e24",
                "reference": "85d6a8c16c7e8bb369e7530d3676d16618f68e24",
                "shasum": ""
            },
            "require": {
                "johnpbloch/wordpress-core-installer": "~0.2",
                "php": ">=5.3.2"
            },
            "type": "wordpress-core",
            "notification-url": "https://packagist.org/downloads/",
            "license": [
                "GPL-2.0+"
            ],
            "authors": [
                {
                    "name": "WordPress Community",
                    "homepage": "http://wordpress.org/about/"
                }
            ],
            "description": "WordPress is web software you can use to create a beautiful website or blog.",
            "homepage": "http://wordpress.org/",
            "keywords": [
                "blog",
                "cms"
            ],
            "time": "2016-01-06 18:46:15"
        },
        {
            "name": "johnpbloch/wordpress-core-installer",
            "version": "0.2.1",
            "source": {
                "type": "git",
                "url": "https://github.com/johnpbloch/wordpress-core-installer.git",
                "reference": "a04c2c383ef13aae077f36799ed2eafdebd618d2"
            },
            "dist": {
                "type": "zip",
                "url": "https://api.github.com/repos/johnpbloch/wordpress-core-installer/zipball/a04c2c383ef13aae077f36799ed2eafdebd618d2",
                "reference": "a04c2c383ef13aae077f36799ed2eafdebd618d2",
                "shasum": ""
            },
            "require": {
                "composer-plugin-api": "^1.0"
            },
            "conflict": {
                "composer/installers": "<1.0.6"
            },
            "require-dev": {
                "composer/composer": "1.0.*@dev"
            },
            "type": "composer-plugin",
            "extra": {
                "class": "johnpbloch\\Composer\\WordPressCorePlugin"
            },
            "autoload": {
                "psr-0": {
                    "johnpbloch\\Composer\\": "src/"
                }
            },
            "notification-url": "https://packagist.org/downloads/",
            "license": [
                "GPL-2.0+"
            ],
            "authors": [
                {
                    "name": "John P. Bloch",
                    "email": "me@johnpbloch.com"
                }
            ],
            "description": "A custom installer to handle deploying WordPress with composer",
            "keywords": [
                "wordpress"
            ],
            "time": "2015-06-11 15:15:30"
        },
        {
            "name": "rp3agency/advanced-custom-fields-pro",
            "version": "5.3.2.2",
            "dist": {
                "type": "zip",
                "url": "http://composer.rp3dev.com/advanced-custom-fields-pro.zip",
                "reference": null,
                "shasum": null
            },
            "require": {
                "composer/installers": "~1.0"
            },
            "type": "wordpress-plugin"
        },
        {
            "name": "rp3agency/rp3agency",
            "version": "1.2.0",
            "dist": {
                "type": "zip",
                "url": "http://composer.rp3dev.com/rp3agency.zip",
                "reference": null,
                "shasum": null
            },
            "require": {
                "composer/installers": "~1.0"
            },
            "type": "wordpress-muplugin"
        },
        {
            "name": "rp3agency/wp-migrate-db-pro",
            "version": "1.5.3",
            "dist": {
                "type": "zip",
                "url": "http://composer.rp3dev.com/wp-migrate-db-pro.zip",
                "reference": null,
                "shasum": null
            },
            "require": {
                "composer/installers": "~1.0"
            },
            "type": "wordpress-plugin"
        },
        {
            "name": "rp3agency/wp-migrate-db-pro-cli",
            "version": "1.2.2",
            "dist": {
                "type": "zip",
                "url": "http://composer.rp3dev.com/wp-migrate-db-pro-cli.zip",
                "reference": null,
                "shasum": null
            },
            "require": {
                "composer/installers": "~1.0"
            },
            "type": "wordpress-plugin"
        },
        {
            "name": "rp3agency/wp-migrate-db-pro-media-files",
            "version": "1.4.1",
            "dist": {
                "type": "zip",
                "url": "http://composer.rp3dev.com/wp-migrate-db-pro-media-files.zip",
                "reference": null,
                "shasum": null
            },
            "require": {
                "composer/installers": "~1.0"
            },
            "type": "wordpress-plugin"
        },
        {
            "name": "rp3agency/wp-offload-s3-pro",
            "version": "1.0.4",
            "dist": {
                "type": "zip",
                "url": "http://composer.rp3dev.com/wp-offload-s3-pro.zip",
                "reference": null,
                "shasum": null
            },
            "require": {
                "composer/installers": "~1.0"
            },
            "type": "wordpress-plugin"
        },
        {
            "name": "wpackagist-plugin/admin-post-navigation",
            "version": "1.9.2",
            "source": {
                "type": "svn",
                "url": "http://plugins.svn.wordpress.org/admin-post-navigation/",
                "reference": "tags/1.9.2"
            },
            "dist": {
                "type": "zip",
                "url": "https://downloads.wordpress.org/plugin/admin-post-navigation.1.9.2.zip",
                "reference": null,
                "shasum": null
            },
            "require": {
                "composer/installers": "~1.0"
            },
            "type": "wordpress-plugin",
            "homepage": "https://wordpress.org/plugins/admin-post-navigation/"
        },
        {
            "name": "wpackagist-plugin/advanced-custom-fields-widget-area-field",
            "version": "1.0.0",
            "source": {
                "type": "svn",
                "url": "http://plugins.svn.wordpress.org/advanced-custom-fields-widget-area-field/",
                "reference": "trunk"
            },
            "dist": {
                "type": "zip",
                "url": "https://downloads.wordpress.org/plugin/advanced-custom-fields-widget-area-field.zip",
                "reference": null,
                "shasum": null
            },
            "require": {
                "composer/installers": "~1.0"
            },
            "type": "wordpress-plugin",
            "homepage": "https://wordpress.org/plugins/advanced-custom-fields-widget-area-field/"
        },
        {
            "name": "wpackagist-plugin/akismet",
            "version": "3.1.7",
            "source": {
                "type": "svn",
                "url": "http://plugins.svn.wordpress.org/akismet/",
                "reference": "tags/3.1.7"
            },
            "dist": {
                "type": "zip",
                "url": "https://downloads.wordpress.org/plugin/akismet.3.1.7.zip",
                "reference": null,
                "shasum": null
            },
            "require": {
                "composer/installers": "~1.0"
            },
            "type": "wordpress-plugin",
            "homepage": "https://wordpress.org/plugins/akismet/"
        },
        {
            "name": "wpackagist-plugin/amazon-s3-and-cloudfront",
            "version": "0.9.11",
            "source": {
                "type": "svn",
                "url": "http://plugins.svn.wordpress.org/amazon-s3-and-cloudfront/",
                "reference": "tags/0.9.11"
            },
            "dist": {
                "type": "zip",
                "url": "https://downloads.wordpress.org/plugin/amazon-s3-and-cloudfront.0.9.11.zip",
                "reference": null,
                "shasum": null
            },
            "require": {
                "composer/installers": "~1.0"
            },
            "type": "wordpress-plugin",
            "homepage": "https://wordpress.org/plugins/amazon-s3-and-cloudfront/"
        },
        {
            "name": "wpackagist-plugin/amazon-web-services",
            "version": "0.3.4",
            "source": {
                "type": "svn",
                "url": "http://plugins.svn.wordpress.org/amazon-web-services/",
                "reference": "trunk"
            },
            "dist": {
                "type": "zip",
                "url": "https://downloads.wordpress.org/plugin/amazon-web-services.zip",
                "reference": null,
                "shasum": null
            },
            "require": {
                "composer/installers": "~1.0"
            },
            "type": "wordpress-plugin",
            "homepage": "https://wordpress.org/plugins/amazon-web-services/"
        },
        {
            "name": "wpackagist-plugin/black-studio-tinymce-widget",
            "version": "2.2.8",
            "source": {
                "type": "svn",
                "url": "http://plugins.svn.wordpress.org/black-studio-tinymce-widget/",
                "reference": "tags/2.2.8"
            },
            "dist": {
                "type": "zip",
                "url": "https://downloads.wordpress.org/plugin/black-studio-tinymce-widget.2.2.8.zip",
                "reference": null,
                "shasum": null
            },
            "require": {
                "composer/installers": "~1.0"
            },
            "type": "wordpress-plugin",
            "homepage": "https://wordpress.org/plugins/black-studio-tinymce-widget/"
        },
        {
            "name": "wpackagist-plugin/co-authors-plus",
            "version": "3.1.1",
            "source": {
                "type": "svn",
                "url": "http://plugins.svn.wordpress.org/co-authors-plus/",
                "reference": "tags/3.1.1"
            },
            "dist": {
                "type": "zip",
                "url": "https://downloads.wordpress.org/plugin/co-authors-plus.3.1.1.zip",
                "reference": null,
                "shasum": null
            },
            "require": {
                "composer/installers": "~1.0"
            },
            "type": "wordpress-plugin",
            "homepage": "https://wordpress.org/plugins/co-authors-plus/"
        },
        {
            "name": "wpackagist-plugin/contact-form-7",
            "version": "4.3.1",
            "source": {
                "type": "svn",
                "url": "http://plugins.svn.wordpress.org/contact-form-7/",
                "reference": "tags/4.3.1"
            },
            "dist": {
                "type": "zip",
                "url": "https://downloads.wordpress.org/plugin/contact-form-7.4.3.1.zip",
                "reference": null,
                "shasum": null
            },
            "require": {
                "composer/installers": "~1.0"
            },
            "type": "wordpress-plugin",
            "homepage": "https://wordpress.org/plugins/contact-form-7/"
        },
        {
            "name": "wpackagist-plugin/debug-bar",
            "version": "0.8.2",
            "source": {
                "type": "svn",
                "url": "http://plugins.svn.wordpress.org/debug-bar/",
                "reference": "tags/0.8.2"
            },
            "dist": {
                "type": "zip",
                "url": "https://downloads.wordpress.org/plugin/debug-bar.0.8.2.zip",
                "reference": null,
                "shasum": null
            },
            "require": {
                "composer/installers": "~1.0"
            },
            "type": "wordpress-plugin",
            "homepage": "https://wordpress.org/plugins/debug-bar/"
        },
        {
            "name": "wpackagist-plugin/dynamic-featured-image",
            "version": "3.5.1",
            "source": {
                "type": "svn",
                "url": "http://plugins.svn.wordpress.org/dynamic-featured-image/",
                "reference": "tags/3.5.1"
            },
            "dist": {
                "type": "zip",
                "url": "https://downloads.wordpress.org/plugin/dynamic-featured-image.3.5.1.zip",
                "reference": null,
                "shasum": null
            },
            "require": {
                "composer/installers": "~1.0"
            },
            "type": "wordpress-plugin",
            "homepage": "https://wordpress.org/plugins/dynamic-featured-image/"
        },
        {
            "name": "wpackagist-plugin/easy-digital-downloads",
            "version": "2.5.3",
            "source": {
                "type": "svn",
                "url": "http://plugins.svn.wordpress.org/easy-digital-downloads/",
                "reference": "tags/2.5.3"
            },
            "dist": {
                "type": "zip",
                "url": "https://downloads.wordpress.org/plugin/easy-digital-downloads.2.5.3.zip",
                "reference": null,
                "shasum": null
            },
            "require": {
                "composer/installers": "~1.0"
            },
            "type": "wordpress-plugin",
            "homepage": "https://wordpress.org/plugins/easy-digital-downloads/"
        },
        {
            "name": "wpackagist-plugin/featured-images-for-rss-feeds",
            "version": "1.3.7",
            "source": {
                "type": "svn",
                "url": "http://plugins.svn.wordpress.org/featured-images-for-rss-feeds/",
                "reference": "tags/1.3.7"
            },
            "dist": {
                "type": "zip",
                "url": "https://downloads.wordpress.org/plugin/featured-images-for-rss-feeds.1.3.7.zip",
                "reference": null,
                "shasum": null
            },
            "require": {
                "composer/installers": "~1.0"
            },
            "type": "wordpress-plugin",
            "homepage": "https://wordpress.org/plugins/featured-images-for-rss-feeds/"
        },
        {
            "name": "wpackagist-plugin/google-analytics-for-wordpress",
            "version": "5.4.6",
            "source": {
                "type": "svn",
                "url": "http://plugins.svn.wordpress.org/google-analytics-for-wordpress/",
                "reference": "tags/5.4.6"
            },
            "dist": {
                "type": "zip",
                "url": "https://downloads.wordpress.org/plugin/google-analytics-for-wordpress.5.4.6.zip",
                "reference": null,
                "shasum": null
            },
            "require": {
                "composer/installers": "~1.0"
            },
            "type": "wordpress-plugin",
            "homepage": "https://wordpress.org/plugins/google-analytics-for-wordpress/"
        },
        {
            "name": "wpackagist-plugin/jetpack",
            "version": "3.8.2",
            "source": {
                "type": "svn",
                "url": "http://plugins.svn.wordpress.org/jetpack/",
                "reference": "tags/3.8.2"
            },
            "dist": {
                "type": "zip",
                "url": "https://downloads.wordpress.org/plugin/jetpack.3.8.2.zip",
                "reference": null,
                "shasum": null
            },
            "require": {
                "composer/installers": "~1.0"
            },
            "type": "wordpress-plugin",
            "homepage": "https://wordpress.org/plugins/jetpack/"
        },
        {
            "name": "wpackagist-plugin/json-rest-api",
            "version": "1.2.5",
            "source": {
                "type": "svn",
                "url": "http://plugins.svn.wordpress.org/json-rest-api/",
                "reference": "tags/1.2.5"
            },
            "dist": {
                "type": "zip",
                "url": "https://downloads.wordpress.org/plugin/json-rest-api.1.2.5.zip",
                "reference": null,
                "shasum": null
            },
            "require": {
                "composer/installers": "~1.0"
            },
            "type": "wordpress-plugin",
            "homepage": "https://wordpress.org/plugins/json-rest-api/"
        },
        {
            "name": "wpackagist-plugin/limit-login-attempts",
            "version": "1.7.1",
            "source": {
                "type": "svn",
                "url": "http://plugins.svn.wordpress.org/limit-login-attempts/",
                "reference": "tags/1.7.1"
            },
            "dist": {
                "type": "zip",
                "url": "https://downloads.wordpress.org/plugin/limit-login-attempts.1.7.1.zip",
                "reference": null,
                "shasum": null
            },
            "require": {
                "composer/installers": "~1.0"
            },
            "type": "wordpress-plugin",
            "homepage": "https://wordpress.org/plugins/limit-login-attempts/"
        },
        {
            "name": "wpackagist-plugin/public-post-preview",
            "version": "2.4.1",
            "source": {
                "type": "svn",
                "url": "http://plugins.svn.wordpress.org/public-post-preview/",
                "reference": "tags/2.4.1"
            },
            "dist": {
                "type": "zip",
                "url": "https://downloads.wordpress.org/plugin/public-post-preview.2.4.1.zip",
                "reference": null,
                "shasum": null
            },
            "require": {
                "composer/installers": "~1.0"
            },
            "type": "wordpress-plugin",
            "homepage": "https://wordpress.org/plugins/public-post-preview/"
        },
        {
            "name": "wpackagist-plugin/really-simple-twitter-feed-widget",
            "version": "dev-trunk",
            "source": {
                "type": "svn",
                "url": "http://plugins.svn.wordpress.org/really-simple-twitter-feed-widget/",
                "reference": "trunk"
            },
            "dist": {
                "type": "zip",
                "url": "https://downloads.wordpress.org/plugin/really-simple-twitter-feed-widget.zip",
                "reference": null,
                "shasum": null
            },
            "require": {
                "composer/installers": "~1.0"
            },
            "type": "wordpress-plugin",
            "homepage": "https://wordpress.org/plugins/really-simple-twitter-feed-widget/",
            "time": "2015-08-21 20:16:45"
        },
        {
            "name": "wpackagist-plugin/redirection",
            "version": "2.4.3",
            "source": {
                "type": "svn",
                "url": "http://plugins.svn.wordpress.org/redirection/",
                "reference": "tags/2.4.3"
            },
            "dist": {
                "type": "zip",
                "url": "https://downloads.wordpress.org/plugin/redirection.2.4.3.zip",
                "reference": null,
                "shasum": null
            },
            "require": {
                "composer/installers": "~1.0"
            },
            "type": "wordpress-plugin",
            "homepage": "https://wordpress.org/plugins/redirection/"
        },
        {
            "name": "wpackagist-plugin/show-template",
            "version": "1.1",
            "source": {
                "type": "svn",
                "url": "http://plugins.svn.wordpress.org/show-template/",
                "reference": "tags/1.1"
            },
            "dist": {
                "type": "zip",
                "url": "https://downloads.wordpress.org/plugin/show-template.1.1.zip",
                "reference": null,
                "shasum": null
            },
            "require": {
                "composer/installers": "~1.0"
            },
            "type": "wordpress-plugin",
            "homepage": "https://wordpress.org/plugins/show-template/"
        },
        {
            "name": "wpackagist-plugin/simple-login-log",
            "version": "1.1.0",
            "source": {
                "type": "svn",
                "url": "http://plugins.svn.wordpress.org/simple-login-log/",
                "reference": "trunk"
            },
            "dist": {
                "type": "zip",
                "url": "https://downloads.wordpress.org/plugin/simple-login-log.zip",
                "reference": null,
                "shasum": null
            },
            "require": {
                "composer/installers": "~1.0"
            },
            "type": "wordpress-plugin",
            "homepage": "https://wordpress.org/plugins/simple-login-log/"
        },
        {
            "name": "wpackagist-plugin/simple-page-ordering",
            "version": "2.2.4",
            "source": {
                "type": "svn",
                "url": "http://plugins.svn.wordpress.org/simple-page-ordering/",
                "reference": "trunk"
            },
            "dist": {
                "type": "zip",
                "url": "https://downloads.wordpress.org/plugin/simple-page-ordering.zip",
                "reference": null,
                "shasum": null
            },
            "require": {
                "composer/installers": "~1.0"
            },
            "type": "wordpress-plugin",
            "homepage": "https://wordpress.org/plugins/simple-page-ordering/"
        },
        {
            "name": "wpackagist-plugin/sucuri-scanner",
            "version": "1.7.17",
            "source": {
                "type": "svn",
                "url": "http://plugins.svn.wordpress.org/sucuri-scanner/",
                "reference": "tags/1.7.17"
            },
            "dist": {
                "type": "zip",
                "url": "https://downloads.wordpress.org/plugin/sucuri-scanner.1.7.17.zip",
                "reference": null,
                "shasum": null
            },
            "require": {
                "composer/installers": "~1.0"
            },
            "type": "wordpress-plugin",
            "homepage": "https://wordpress.org/plugins/sucuri-scanner/"
        },
        {
            "name": "wpackagist-plugin/svg-support",
            "version": "2.2.2",
            "source": {
                "type": "svn",
                "url": "http://plugins.svn.wordpress.org/svg-support/",
                "reference": "tags/2.2.2"
            },
            "dist": {
                "type": "zip",
                "url": "https://downloads.wordpress.org/plugin/svg-support.2.2.2.zip",
                "reference": null,
                "shasum": null
            },
            "require": {
                "composer/installers": "~1.0"
            },
            "type": "wordpress-plugin",
            "homepage": "https://wordpress.org/plugins/svg-support/"
        },
        {
            "name": "wpackagist-plugin/tc-comment-out",
            "version": "1.2",
            "source": {
                "type": "svn",
                "url": "http://plugins.svn.wordpress.org/tc-comment-out/",
                "reference": "tags/1.2"
            },
            "dist": {
                "type": "zip",
                "url": "https://downloads.wordpress.org/plugin/tc-comment-out.1.2.zip",
                "reference": null,
                "shasum": null
            },
            "require": {
                "composer/installers": "~1.0"
            },
            "type": "wordpress-plugin",
            "homepage": "https://wordpress.org/plugins/tc-comment-out/"
        },
        {
            "name": "wpackagist-plugin/tc-custom-taxonomy-filter",
            "version": "1.3.1",
            "source": {
                "type": "svn",
                "url": "http://plugins.svn.wordpress.org/tc-custom-taxonomy-filter/",
                "reference": "tags/1.3.1"
            },
            "dist": {
                "type": "zip",
                "url": "https://downloads.wordpress.org/plugin/tc-custom-taxonomy-filter.1.3.1.zip",
                "reference": null,
                "shasum": null
            },
            "require": {
                "composer/installers": "~1.0"
            },
            "type": "wordpress-plugin",
            "homepage": "https://wordpress.org/plugins/tc-custom-taxonomy-filter/"
        },
        {
            "name": "wpackagist-plugin/theme-check",
            "version": "20151211.1",
            "source": {
                "type": "svn",
                "url": "http://plugins.svn.wordpress.org/theme-check/",
                "reference": "tags/20151211.1"
            },
            "dist": {
                "type": "zip",
                "url": "https://downloads.wordpress.org/plugin/theme-check.20151211.1.zip",
                "reference": null,
                "shasum": null
            },
            "require": {
                "composer/installers": "~1.0"
            },
            "type": "wordpress-plugin",
            "homepage": "https://wordpress.org/plugins/theme-check/"
        },
        {
            "name": "wpackagist-plugin/tinymce-advanced",
            "version": "4.2.8",
            "source": {
                "type": "svn",
                "url": "http://plugins.svn.wordpress.org/tinymce-advanced/",
                "reference": "tags/4.2.8"
            },
            "dist": {
                "type": "zip",
                "url": "https://downloads.wordpress.org/plugin/tinymce-advanced.4.2.8.zip",
                "reference": null,
                "shasum": null
            },
            "require": {
                "composer/installers": "~1.0"
            },
            "type": "wordpress-plugin",
            "homepage": "https://wordpress.org/plugins/tinymce-advanced/"
        },
        {
            "name": "wpackagist-plugin/widget-logic",
            "version": "0.57",
            "source": {
                "type": "svn",
                "url": "http://plugins.svn.wordpress.org/widget-logic/",
                "reference": "tags/0.57"
            },
            "dist": {
                "type": "zip",
                "url": "https://downloads.wordpress.org/plugin/widget-logic.0.57.zip",
                "reference": null,
                "shasum": null
            },
            "require": {
                "composer/installers": "~1.0"
            },
            "type": "wordpress-plugin",
            "homepage": "https://wordpress.org/plugins/widget-logic/"
        },
        {
            "name": "wpackagist-plugin/wordpress-importer",
            "version": "0.6.1",
            "source": {
                "type": "svn",
                "url": "http://plugins.svn.wordpress.org/wordpress-importer/",
                "reference": "tags/0.6.1"
            },
            "dist": {
                "type": "zip",
                "url": "https://downloads.wordpress.org/plugin/wordpress-importer.0.6.1.zip",
                "reference": null,
                "shasum": null
            },
            "require": {
                "composer/installers": "~1.0"
            },
            "type": "wordpress-plugin",
            "homepage": "https://wordpress.org/plugins/wordpress-importer/"
        },
        {
            "name": "wpackagist-plugin/wordpress-seo",
            "version": "3.0.7",
            "source": {
                "type": "svn",
                "url": "http://plugins.svn.wordpress.org/wordpress-seo/",
                "reference": "tags/3.0.7"
            },
            "dist": {
                "type": "zip",
                "url": "https://downloads.wordpress.org/plugin/wordpress-seo.3.0.7.zip",
                "reference": null,
                "shasum": null
            },
            "require": {
                "composer/installers": "~1.0"
            },
            "type": "wordpress-plugin",
            "homepage": "https://wordpress.org/plugins/wordpress-seo/"
        },
        {
            "name": "wpackagist-plugin/worker",
            "version": "4.1.26",
            "source": {
                "type": "svn",
                "url": "http://plugins.svn.wordpress.org/worker/",
                "reference": "trunk"
            },
            "dist": {
                "type": "zip",
                "url": "https://downloads.wordpress.org/plugin/worker.zip",
                "reference": null,
                "shasum": null
            },
            "require": {
                "composer/installers": "~1.0"
            },
            "type": "wordpress-plugin",
            "homepage": "https://wordpress.org/plugins/worker/"
        },
        {
            "name": "wpackagist-plugin/wp-bitly",
            "version": "2.3.2",
            "source": {
                "type": "svn",
                "url": "http://plugins.svn.wordpress.org/wp-bitly/",
                "reference": "tags/2.3.2"
            },
            "dist": {
                "type": "zip",
                "url": "https://downloads.wordpress.org/plugin/wp-bitly.2.3.2.zip",
                "reference": null,
                "shasum": null
            },
            "require": {
                "composer/installers": "~1.0"
            },
            "type": "wordpress-plugin",
            "homepage": "https://wordpress.org/plugins/wp-bitly/"
        },
        {
            "name": "wpackagist-plugin/wp-maintenance-mode",
            "version": "2.0.3",
            "source": {
                "type": "svn",
                "url": "http://plugins.svn.wordpress.org/wp-maintenance-mode/",
                "reference": "tags/2.0.3"
            },
            "dist": {
                "type": "zip",
                "url": "https://downloads.wordpress.org/plugin/wp-maintenance-mode.2.0.3.zip",
                "reference": null,
                "shasum": null
            },
            "require": {
                "composer/installers": "~1.0"
            },
            "type": "wordpress-plugin",
            "homepage": "https://wordpress.org/plugins/wp-maintenance-mode/"
        },
        {
            "name": "wpackagist-plugin/wp-super-cache",
            "version": "1.4.7",
            "source": {
                "type": "svn",
                "url": "http://plugins.svn.wordpress.org/wp-super-cache/",
                "reference": "tags/1.4.7"
            },
            "dist": {
                "type": "zip",
                "url": "https://downloads.wordpress.org/plugin/wp-super-cache.1.4.7.zip",
                "reference": null,
                "shasum": null
            },
            "require": {
                "composer/installers": "~1.0"
            },
            "type": "wordpress-plugin",
            "homepage": "https://wordpress.org/plugins/wp-super-cache/"
        },
        {
            "name": "wpackagist-plugin/wpclef",
            "version": "2.3.3",
            "source": {
                "type": "svn",
                "url": "http://plugins.svn.wordpress.org/wpclef/",
                "reference": "tags/2.3.3"
            },
            "dist": {
                "type": "zip",
                "url": "https://downloads.wordpress.org/plugin/wpclef.2.3.3.zip",
                "reference": null,
                "shasum": null
            },
            "require": {
                "composer/installers": "~1.0"
            },
            "type": "wordpress-plugin",
            "homepage": "https://wordpress.org/plugins/wpclef/"
        },
        {
            "name": "wpackagist-plugin/yet-another-related-posts-plugin",
            "version": "dev-trunk",
            "source": {
                "type": "svn",
                "url": "http://plugins.svn.wordpress.org/yet-another-related-posts-plugin/",
                "reference": "trunk"
            },
            "dist": {
                "type": "zip",
                "url": "https://downloads.wordpress.org/plugin/yet-another-related-posts-plugin.zip",
                "reference": null,
                "shasum": null
            },
            "require": {
                "composer/installers": "~1.0"
            },
            "type": "wordpress-plugin",
            "homepage": "https://wordpress.org/plugins/yet-another-related-posts-plugin/",
            "time": "2015-05-14 21:00:52"
        }
    ],
    "packages-dev": [],
    "aliases": [],
    "minimum-stability": "stable",
    "stability-flags": {
        "wpackagist-plugin/really-simple-twitter-feed-widget": 20,
        "wpackagist-plugin/yet-another-related-posts-plugin": 20
    },
    "prefer-stable": false,
    "prefer-lowest": false,
    "platform": {
        "php": ">=5.3.0"
    },
    "platform-dev": []
}
